
Microsoft Visual Studio Solution File, Format Version 12.00
# Visual Studio Version 16
VisualStudioVersion = 16.0.29911.84
MinimumVisualStudioVersion = 10.0.40219.1
Project("{FAE04EC0-301F-11D3-BF4B-00C04F79EFBC}") = "CRUD-Mysql", "CRUD-Mysql\CRUD-Mysql.csproj", "{86353454-F043-46A2-9F51-B2688C8B7F5E}"
EndProject
Global
	GlobalSection(SolutionConfigurationPlatforms) = preSolution
		Debug|Any CPU = Debug|Any CPU
		Release|Any CPU = Release|Any CPU
	EndGlobalSection
	GlobalSection(ProjectConfigurationPlatforms) = postSolution
		{86353454-F043-46A2-9F51-B2688C8B7F5E}.Debug|Any CPU.ActiveCfg = Debug|Any CPU
		{86353454-F043-46A2-9F51-B2688C8B7F5E}.Debug|Any CPU.Build.0 = Debug|Any CPU
		{86353454-F043-46A2-9F51-B2688C8B7F5E}.Release|Any CPU.ActiveCfg = Release|Any CPU
		{86353454-F043-46A2-9F51-B2688C8B7F5E}.Release|Any CPU.Build.0 = Release|Any CPU
	EndGlobalSection
	GlobalSection(SolutionProperties) = preSolution
		HideSolutionNode = FALSE
	EndGlobalSection
	GlobalSection(ExtensibilityGlobals) = postSolution
		SolutionGuid = {601F71C2-2551-4EEB-84C4-BAC65D4B3773}
	EndGlobalSection
EndGlobal
